
Microsoft Visual Studio Solution File, Format Version 12.00
# Visual Studio 2013
VisualStudioVersion = 12.0.30723.0
MinimumVisualStudioVersion = 10.0.40219.1
Project("{8BC9CEB8-8B4A-11D0-8D11-00A0C91BC942}") = "HAB_103014_2037_ADDEDSENSIRON", "HAB_103014_2037_ADDEDSENSIRON.vcxproj", "{7D928186-E3CE-4B85-A32B-916C6389CECF}"
EndProject
Global
	GlobalSection(SolutionConfigurationPlatforms) = preSolution
		Debug|Win32 = Debug|Win32
		Release|Win32 = Release|Win32
	EndGlobalSection
	GlobalSection(ProjectConfigurationPlatforms) = postSolution
		{7D928186-E3CE-4B85-A32B-916C6389CECF}.Debug|Win32.ActiveCfg = Debug|Win32
		{7D928186-E3CE-4B85-A32B-916C6389CECF}.Debug|Win32.Build.0 = Debug|Win32
		{7D928186-E3CE-4B85-A32B-916C6389CECF}.Release|Win32.ActiveCfg = Release|Win32
		{7D928186-E3CE-4B85-A32B-916C6389CECF}.Release|Win32.Build.0 = Release|Win32
	EndGlobalSection
	GlobalSection(SolutionProperties) = preSolution
		HideSolutionNode = FALSE
	EndGlobalSection
EndGlobal
